
Microsoft Visual Studio Solution File, Format Version 12.00
# Visual Studio 15
VisualStudioVersion = 15.0.27406.0
MinimumVisualStudioVersion = 10.0.40219.1
Project("{FAE04EC0-301F-11D3-BF4B-00C04F79EFBC}") = "BookingOrder", "BookingOrder\BookingOrder.csproj", "{9F7F1558-68D5-4AAC-97F9-CBB30A7ED443}"
EndProject
Global
	GlobalSection(SolutionConfigurationPlatforms) = preSolution
		Debug|Any CPU = Debug|Any CPU
		Release|Any CPU = Release|Any CPU
	EndGlobalSection
	GlobalSection(ProjectConfigurationPlatforms) = postSolution
		{9F7F1558-68D5-4AAC-97F9-CBB30A7ED443}.Debug|Any CPU.ActiveCfg = Debug|Any CPU
		{9F7F1558-68D5-4AAC-97F9-CBB30A7ED443}.Debug|Any CPU.Build.0 = Debug|Any CPU
		{9F7F1558-68D5-4AAC-97F9-CBB30A7ED443}.Release|Any CPU.ActiveCfg = Release|Any CPU
		{9F7F1558-68D5-4AAC-97F9-CBB30A7ED443}.Release|Any CPU.Build.0 = Release|Any CPU
	EndGlobalSection
	GlobalSection(SolutionProperties) = preSolution
		HideSolutionNode = FALSE
	EndGlobalSection
	GlobalSection(ExtensibilityGlobals) = postSolution
		SolutionGuid = {6F0534E3-C881-426A-8210-4ED952208140}
	EndGlobalSection
EndGlobal
